[[package]]
name = "fib"
version = "0.1.0"

[[package]]
name = "gen_str"
version = "0.1.0"

[[package]]
name = "gene"
version = "0.1.0"

[[package]]
name = "perm"
version = "0.1.0"

[[package]]
name = "rosalind"
version = "0.1.0"
dependencies = [
 "fib 0.1.0",
 "gen_str 0.1.0",
 "gene 0.1.0",
 "perm 0.1.0",
]

